
Microsoft Visual Studio Solution File, Format Version 12.00
# Visual Studio Version 17
VisualStudioVersion = 17.0.31903.59
MinimumVisualStudioVersion = 10.0.40219.1
Project("{2150E333-8FDC-42A3-9474-1A3956D46DE8}") = "src", "src", "{827E0CD3-B72D-47B6-A68D-7590B98EB39B}"
EndProject
Project("{FAE04EC0-301F-11D3-BF4B-00C04F79EFBC}") = "XcaNet.App.Desktop", "src\XcaNet.App.Desktop\XcaNet.App.Desktop.csproj", "{4179BB9B-56FE-488F-935A-B5BA8ABD8DA3}"
EndProject
Project("{FAE04EC0-301F-11D3-BF4B-00C04F79EFBC}") = "XcaNet.App", "src\XcaNet.App\XcaNet.App.csproj", "{B1B5AB95-95DC-414F-9720-65A10CFB755E}"
EndProject
Project("{FAE04EC0-301F-11D3-BF4B-00C04F79EFBC}") = "XcaNet.Application", "src\XcaNet.Application\XcaNet.Application.csproj", "{AC58F728-45E8-46DD-897D-03FDD643E8F9}"
EndProject
Project("{FAE04EC0-301F-11D3-BF4B-00C04F79EFBC}") = "XcaNet.Contracts", "src\XcaNet.Contracts\XcaNet.Contracts.csproj", "{918EEE97-E4D6-415E-A0FA-9358A4195A88}"
EndProject
Project("{FAE04EC0-301F-11D3-BF4B-00C04F79EFBC}") = "XcaNet.Core", "src\XcaNet.Core\XcaNet.Core.csproj", "{B5C26CF0-E406-4615-89F5-9C615BDF58F6}"
EndProject
Project("{FAE04EC0-301F-11D3-BF4B-00C04F79EFBC}") = "XcaNet.Crypto.Abstractions", "src\XcaNet.Crypto.Abstractions\XcaNet.Crypto.Abstractions.csproj", "{0BB75097-5D60-400F-9680-D9F3957553BC}"
EndProject
Project("{FAE04EC0-301F-11D3-BF4B-00C04F79EFBC}") = "XcaNet.Security", "src\XcaNet.Security\XcaNet.Security.csproj", "{93D9761A-FEA9-4AB9-BD6C-E845BEDF5544}"
EndProject
Project("{FAE04EC0-301F-11D3-BF4B-00C04F79EFBC}") = "XcaNet.Storage", "src\XcaNet.Storage\XcaNet.Storage.csproj", "{F70D43ED-6FCA-49E1-910B-35F19E216E63}"
EndProject
Project("{FAE04EC0-301F-11D3-BF4B-00C04F79EFBC}") = "XcaNet.Diagnostics", "src\XcaNet.Diagnostics\XcaNet.Diagnostics.csproj", "{88F57033-100A-4125-834C-300AEC2D471A}"
EndProject
Project("{FAE04EC0-301F-11D3-BF4B-00C04F79EFBC}") = "XcaNet.Localization", "src\XcaNet.Localization\XcaNet.Localization.csproj", "{5FBEB47E-DEB6-459D-AE10-52C1AF62BDE8}"
EndProject
Project("{FAE04EC0-301F-11D3-BF4B-00C04F79EFBC}") = "XcaNet.Crypto.DotNet", "src\XcaNet.Crypto.DotNet\XcaNet.Crypto.DotNet.csproj", "{DDC7337C-BF8D-479F-A3C7-847C44BA13B3}"
EndProject
Project("{FAE04EC0-301F-11D3-BF4B-00C04F79EFBC}") = "XcaNet.Crypto.OpenSsl", "src\XcaNet.Crypto.OpenSsl\XcaNet.Crypto.OpenSsl.csproj", "{DE31C3F1-1CBB-4814-BCF9-002E22FF688B}"
EndProject
Project("{FAE04EC0-301F-11D3-BF4B-00C04F79EFBC}") = "XcaNet.Interop.OpenSsl", "src\XcaNet.Interop.OpenSsl\XcaNet.Interop.OpenSsl.csproj", "{8653BA64-AC3B-4F4C-AF6B-96CA5B82DB56}"
EndProject
Project("{FAE04EC0-301F-11D3-BF4B-00C04F79EFBC}") = "XcaNet.ImportExport", "src\XcaNet.ImportExport\XcaNet.ImportExport.csproj", "{4C3F8927-2A68-4413-BAA8-0976A3A279A1}"
EndProject
Project("{2150E333-8FDC-42A3-9474-1A3956D46DE8}") = "tests", "tests", "{0AB3BF05-4346-4AA6-1389-037BE0695223}"
EndProject
Project("{FAE04EC0-301F-11D3-BF4B-00C04F79EFBC}") = "XcaNet.Application.Tests", "tests\XcaNet.Application.Tests\XcaNet.Application.Tests.csproj", "{5978936A-F5F4-4093-AC2C-A3088075A2A0}"
EndProject
Project("{FAE04EC0-301F-11D3-BF4B-00C04F79EFBC}") = "XcaNet.Core.Tests", "tests\XcaNet.Core.Tests\XcaNet.Core.Tests.csproj", "{CDC73EDB-6715-4BDA-B6FF-2768D68246C9}"
EndProject
Project("{FAE04EC0-301F-11D3-BF4B-00C04F79EFBC}") = "XcaNet.Crypto.DotNet.Tests", "tests\XcaNet.Crypto.DotNet.Tests\XcaNet.Crypto.DotNet.Tests.csproj", "{D3412F58-4D4B-48EF-ACEB-6624D8AE5086}"
EndProject
Project("{FAE04EC0-301F-11D3-BF4B-00C04F79EFBC}") = "XcaNet.Crypto.OpenSsl.Tests", "tests\XcaNet.Crypto.OpenSsl.Tests\XcaNet.Crypto.OpenSsl.Tests.csproj", "{32E564D8-F058-498C-8E12-CDBCA25E4A15}"
EndProject
Project("{FAE04EC0-301F-11D3-BF4B-00C04F79EFBC}") = "XcaNet.ImportExport.Tests", "tests\XcaNet.ImportExport.Tests\XcaNet.ImportExport.Tests.csproj", "{CE84228E-BDEA-4D27-A5AA-A8EAD72D58C3}"
EndProject
Project("{FAE04EC0-301F-11D3-BF4B-00C04F79EFBC}") = "XcaNet.Integration.Tests", "tests\XcaNet.Integration.Tests\XcaNet.Integration.Tests.csproj", "{CC2EA927-151F-40B9-8BB4-057A3CD16DC1}"
EndProject
Project("{FAE04EC0-301F-11D3-BF4B-00C04F79EFBC}") = "XcaNet.Interop.Tests", "tests\XcaNet.Interop.Tests\XcaNet.Interop.Tests.csproj", "{B65DF879-7175-4064-B112-1BEBB006A8EB}"
EndProject
Project("{FAE04EC0-301F-11D3-BF4B-00C04F79EFBC}") = "XcaNet.Parity.Tests", "tests\XcaNet.Parity.Tests\XcaNet.Parity.Tests.csproj", "{3C27AD5D-A777-4DF0-8C49-4DBD7D79588B}"
EndProject
Project("{FAE04EC0-301F-11D3-BF4B-00C04F79EFBC}") = "XcaNet.Security.Tests", "tests\XcaNet.Security.Tests\XcaNet.Security.Tests.csproj", "{B45C36BA-20A3-46A2-911B-969A8C87928A}"
EndProject
Project("{FAE04EC0-301F-11D3-BF4B-00C04F79EFBC}") = "XcaNet.Storage.Tests", "tests\XcaNet.Storage.Tests\XcaNet.Storage.Tests.csproj", "{3C53A462-2845-4224-AA99-3B2F16D760DF}"
EndProject
Global
	GlobalSection(SolutionConfigurationPlatforms) = preSolution
		Debug|Any CPU = Debug|Any CPU
		Debug|x64 = Debug|x64
		Debug|x86 = Debug|x86
		Release|Any CPU = Release|Any CPU
		Release|x64 = Release|x64
		Release|x86 = Release|x86
	EndGlobalSection
	GlobalSection(ProjectConfigurationPlatforms) = postSolution
		{4179BB9B-56FE-488F-935A-B5BA8ABD8DA3}.Debug|Any CPU.ActiveCfg = Debug|Any CPU
		{4179BB9B-56FE-488F-935A-B5BA8ABD8DA3}.Debug|Any CPU.Build.0 = Debug|Any CPU
		{4179BB9B-56FE-488F-935A-B5BA8ABD8DA3}.Debug|x64.ActiveCfg = Debug|Any CPU
		{4179BB9B-56FE-488F-935A-B5BA8ABD8DA3}.Debug|x64.Build.0 = Debug|Any CPU
		{4179BB9B-56FE-488F-935A-B5BA8ABD8DA3}.Debug|x86.ActiveCfg = Debug|Any CPU
		{4179BB9B-56FE-488F-935A-B5BA8ABD8DA3}.Debug|x86.Build.0 = Debug|Any CPU
		{4179BB9B-56FE-488F-935A-B5BA8ABD8DA3}.Release|Any CPU.ActiveCfg = Release|Any CPU
		{4179BB9B-56FE-488F-935A-B5BA8ABD8DA3}.Release|Any CPU.Build.0 = Release|Any CPU
		{4179BB9B-56FE-488F-935A-B5BA8ABD8DA3}.Release|x64.ActiveCfg = Release|Any CPU
		{4179BB9B-56FE-488F-935A-B5BA8ABD8DA3}.Release|x64.Build.0 = Release|Any CPU
		{4179BB9B-56FE-488F-935A-B5BA8ABD8DA3}.Release|x86.ActiveCfg = Release|Any CPU
		{4179BB9B-56FE-488F-935A-B5BA8ABD8DA3}.Release|x86.Build.0 = Release|Any CPU
		{B1B5AB95-95DC-414F-9720-65A10CFB755E}.Debug|Any CPU.ActiveCfg = Debug|Any CPU
		{B1B5AB95-95DC-414F-9720-65A10CFB755E}.Debug|Any CPU.Build.0 = Debug|Any CPU
		{B1B5AB95-95DC-414F-9720-65A10CFB755E}.Debug|x64.ActiveCfg = Debug|Any CPU
		{B1B5AB95-95DC-414F-9720-65A10CFB755E}.Debug|x64.Build.0 = Debug|Any CPU
		{B1B5AB95-95DC-414F-9720-65A10CFB755E}.Debug|x86.ActiveCfg = Debug|Any CPU
		{B1B5AB95-95DC-414F-9720-65A10CFB755E}.Debug|x86.Build.0 = Debug|Any CPU
		{B1B5AB95-95DC-414F-9720-65A10CFB755E}.Release|Any CPU.ActiveCfg = Release|Any CPU
		{B1B5AB95-95DC-414F-9720-65A10CFB755E}.Release|Any CPU.Build.0 = Release|Any CPU
		{B1B5AB95-95DC-414F-9720-65A10CFB755E}.Release|x64.ActiveCfg = Release|Any CPU
		{B1B5AB95-95DC-414F-9720-65A10CFB755E}.Release|x64.Build.0 = Release|Any CPU
		{B1B5AB95-95DC-414F-9720-65A10CFB755E}.Release|x86.ActiveCfg = Release|Any CPU
		{B1B5AB95-95DC-414F-9720-65A10CFB755E}.Release|x86.Build.0 = Release|Any CPU
		{AC58F728-45E8-46DD-897D-03FDD643E8F9}.Debug|Any CPU.ActiveCfg = Debug|Any CPU
		{AC58F728-45E8-46DD-897D-03FDD643E8F9}.Debug|Any CPU.Build.0 = Debug|Any CPU
		{AC58F728-45E8-46DD-897D-03FDD643E8F9}.Debug|x64.ActiveCfg = Debug|Any CPU
		{AC58F728-45E8-46DD-897D-03FDD643E8F9}.Debug|x64.Build.0 = Debug|Any CPU
		{AC58F728-45E8-46DD-897D-03FDD643E8F9}.Debug|x86.ActiveCfg = Debug|Any CPU
		{AC58F728-45E8-46DD-897D-03FDD643E8F9}.Debug|x86.Build.0 = Debug|Any CPU
		{AC58F728-45E8-46DD-897D-03FDD643E8F9}.Release|Any CPU.ActiveCfg = Release|Any CPU
		{AC58F728-45E8-46DD-897D-03FDD643E8F9}.Release|Any CPU.Build.0 = Release|Any CPU
		{AC58F728-45E8-46DD-897D-03FDD643E8F9}.Release|x64.ActiveCfg = Release|Any CPU
		{AC58F728-45E8-46DD-897D-03FDD643E8F9}.Release|x64.Build.0 = Release|Any CPU
		{AC58F728-45E8-46DD-897D-03FDD643E8F9}.Release|x86.ActiveCfg = Release|Any CPU
		{AC58F728-45E8-46DD-897D-03FDD643E8F9}.Release|x86.Build.0 = Release|Any CPU
		{918EEE97-E4D6-415E-A0FA-9358A4195A88}.Debug|Any CPU.ActiveCfg = Debug|Any CPU
		{918EEE97-E4D6-415E-A0FA-9358A4195A88}.Debug|Any CPU.Build.0 = Debug|Any CPU
		{918EEE97-E4D6-415E-A0FA-9358A4195A88}.Debug|x64.ActiveCfg = Debug|Any CPU
		{918EEE97-E4D6-415E-A0FA-9358A4195A88}.Debug|x64.Build.0 = Debug|Any CPU
		{918EEE97-E4D6-415E-A0FA-9358A4195A88}.Debug|x86.ActiveCfg = Debug|Any CPU
		{918EEE97-E4D6-415E-A0FA-9358A4195A88}.Debug|x86.Build.0 = Debug|Any CPU
		{918EEE97-E4D6-415E-A0FA-9358A4195A88}.Release|Any CPU.ActiveCfg = Release|Any CPU
		{918EEE97-E4D6-415E-A0FA-9358A4195A88}.Release|Any CPU.Build.0 = Release|Any CPU
		{918EEE97-E4D6-415E-A0FA-9358A4195A88}.Release|x64.ActiveCfg = Release|Any CPU
		{918EEE97-E4D6-415E-A0FA-9358A4195A88}.Release|x64.Build.0 = Release|Any CPU
		{918EEE97-E4D6-415E-A0FA-9358A4195A88}.Release|x86.ActiveCfg = Release|Any CPU
		{918EEE97-E4D6-415E-A0FA-9358A4195A88}.Release|x86.Build.0 = Release|Any CPU
		{B5C26CF0-E406-4615-89F5-9C615BDF58F6}.Debug|Any CPU.ActiveCfg = Debug|Any CPU
		{B5C26CF0-E406-4615-89F5-9C615BDF58F6}.Debug|Any CPU.Build.0 = Debug|Any CPU
		{B5C26CF0-E406-4615-89F5-9C615BDF58F6}.Debug|x64.ActiveCfg = Debug|Any CPU
		{B5C26CF0-E406-4615-89F5-9C615BDF58F6}.Debug|x64.Build.0 = Debug|Any CPU
		{B5C26CF0-E406-4615-89F5-9C615BDF58F6}.Debug|x86.ActiveCfg = Debug|Any CPU
		{B5C26CF0-E406-4615-89F5-9C615BDF58F6}.Debug|x86.Build.0 = Debug|Any CPU
		{B5C26CF0-E406-4615-89F5-9C615BDF58F6}.Release|Any CPU.ActiveCfg = Release|Any CPU
		{B5C26CF0-E406-4615-89F5-9C615BDF58F6}.Release|Any CPU.Build.0 = Release|Any CPU
		{B5C26CF0-E406-4615-89F5-9C615BDF58F6}.Release|x64.ActiveCfg = Release|Any CPU
		{B5C26CF0-E406-4615-89F5-9C615BDF58F6}.Release|x64.Build.0 = Release|Any CPU
		{B5C26CF0-E406-4615-89F5-9C615BDF58F6}.Release|x86.ActiveCfg = Release|Any CPU
		{B5C26CF0-E406-4615-89F5-9C615BDF58F6}.Release|x86.Build.0 = Release|Any CPU
		{0BB75097-5D60-400F-9680-D9F3957553BC}.Debug|Any CPU.ActiveCfg = Debug|Any CPU
		{0BB75097-5D60-400F-9680-D9F3957553BC}.Debug|Any CPU.Build.0 = Debug|Any CPU
		{0BB75097-5D60-400F-9680-D9F3957553BC}.Debug|x64.ActiveCfg = Debug|Any CPU
		{0BB75097-5D60-400F-9680-D9F3957553BC}.Debug|x64.Build.0 = Debug|Any CPU
		{0BB75097-5D60-400F-9680-D9F3957553BC}.Debug|x86.ActiveCfg = Debug|Any CPU
		{0BB75097-5D60-400F-9680-D9F3957553BC}.Debug|x86.Build.0 = Debug|Any CPU
		{0BB75097-5D60-400F-9680-D9F3957553BC}.Release|Any CPU.ActiveCfg = Release|Any CPU
		{0BB75097-5D60-400F-9680-D9F3957553BC}.Release|Any CPU.Build.0 = Release|Any CPU
		{0BB75097-5D60-400F-9680-D9F3957553BC}.Release|x64.ActiveCfg = Release|Any CPU
		{0BB75097-5D60-400F-9680-D9F3957553BC}.Release|x64.Build.0 = Release|Any CPU
		{0BB75097-5D60-400F-9680-D9F3957553BC}.Release|x86.ActiveCfg = Release|Any CPU
		{0BB75097-5D60-400F-9680-D9F3957553BC}.Release|x86.Build.0 = Release|Any CPU
		{93D9761A-FEA9-4AB9-BD6C-E845BEDF5544}.Debug|Any CPU.ActiveCfg = Debug|Any CPU
		{93D9761A-FEA9-4AB9-BD6C-E845BEDF5544}.Debug|Any CPU.Build.0 = Debug|Any CPU
		{93D9761A-FEA9-4AB9-BD6C-E845BEDF5544}.Debug|x64.ActiveCfg = Debug|Any CPU
		{93D9761A-FEA9-4AB9-BD6C-E845BEDF5544}.Debug|x64.Build.0 = Debug|Any CPU
		{93D9761A-FEA9-4AB9-BD6C-E845BEDF5544}.Debug|x86.ActiveCfg = Debug|Any CPU
		{93D9761A-FEA9-4AB9-BD6C-E845BEDF5544}.Debug|x86.Build.0 = Debug|Any CPU
		{93D9761A-FEA9-4AB9-BD6C-E845BEDF5544}.Release|Any CPU.ActiveCfg = Release|Any CPU
		{93D9761A-FEA9-4AB9-BD6C-E845BEDF5544}.Release|Any CPU.Build.0 = Release|Any CPU
		{93D9761A-FEA9-4AB9-BD6C-E845BEDF5544}.Release|x64.ActiveCfg = Release|Any CPU
		{93D9761A-FEA9-4AB9-BD6C-E845BEDF5544}.Release|x64.Build.0 = Release|Any CPU
		{93D9761A-FEA9-4AB9-BD6C-E845BEDF5544}.Release|x86.ActiveCfg = Release|Any CPU
		{93D9761A-FEA9-4AB9-BD6C-E845BEDF5544}.Release|x86.Build.0 = Release|Any CPU
		{F70D43ED-6FCA-49E1-910B-35F19E216E63}.Debug|Any CPU.ActiveCfg = Debug|Any CPU
		{F70D43ED-6FCA-49E1-910B-35F19E216E63}.Debug|Any CPU.Build.0 = Debug|Any CPU
		{F70D43ED-6FCA-49E1-910B-35F19E216E63}.Debug|x64.ActiveCfg = Debug|Any CPU
		{F70D43ED-6FCA-49E1-910B-35F19E216E63}.Debug|x64.Build.0 = Debug|Any CPU
		{F70D43ED-6FCA-49E1-910B-35F19E216E63}.Debug|x86.ActiveCfg = Debug|Any CPU
		{F70D43ED-6FCA-49E1-910B-35F19E216E63}.Debug|x86.Build.0 = Debug|Any CPU
		{F70D43ED-6FCA-49E1-910B-35F19E216E63}.Release|Any CPU.ActiveCfg = Release|Any CPU
		{F70D43ED-6FCA-49E1-910B-35F19E216E63}.Release|Any CPU.Build.0 = Release|Any CPU
		{F70D43ED-6FCA-49E1-910B-35F19E216E63}.Release|x64.ActiveCfg = Release|Any CPU
		{F70D43ED-6FCA-49E1-910B-35F19E216E63}.Release|x64.Build.0 = Release|Any CPU
		{F70D43ED-6FCA-49E1-910B-35F19E216E63}.Release|x86.ActiveCfg = Release|Any CPU
		{F70D43ED-6FCA-49E1-910B-35F19E216E63}.Release|x86.Build.0 = Release|Any CPU
		{88F57033-100A-4125-834C-300AEC2D471A}.Debug|Any CPU.ActiveCfg = Debug|Any CPU
		{88F57033-100A-4125-834C-300AEC2D471A}.Debug|Any CPU.Build.0 = Debug|Any CPU
		{88F57033-100A-4125-834C-300AEC2D471A}.Debug|x64.ActiveCfg = Debug|Any CPU
		{88F57033-100A-4125-834C-300AEC2D471A}.Debug|x64.Build.0 = Debug|Any CPU
		{88F57033-100A-4125-834C-300AEC2D471A}.Debug|x86.ActiveCfg = Debug|Any CPU
		{88F57033-100A-4125-834C-300AEC2D471A}.Debug|x86.Build.0 = Debug|Any CPU
		{88F57033-100A-4125-834C-300AEC2D471A}.Release|Any CPU.ActiveCfg = Release|Any CPU
		{88F57033-100A-4125-834C-300AEC2D471A}.Release|Any CPU.Build.0 = Release|Any CPU
		{88F57033-100A-4125-834C-300AEC2D471A}.Release|x64.ActiveCfg = Release|Any CPU
		{88F57033-100A-4125-834C-300AEC2D471A}.Release|x64.Build.0 = Release|Any CPU
		{88F57033-100A-4125-834C-300AEC2D471A}.Release|x86.ActiveCfg = Release|Any CPU
		{88F57033-100A-4125-834C-300AEC2D471A}.Release|x86.Build.0 = Release|Any CPU
		{5FBEB47E-DEB6-459D-AE10-52C1AF62BDE8}.Debug|Any CPU.ActiveCfg = Debug|Any CPU
		{5FBEB47E-DEB6-459D-AE10-52C1AF62BDE8}.Debug|Any CPU.Build.0 = Debug|Any CPU
		{5FBEB47E-DEB6-459D-AE10-52C1AF62BDE8}.Debug|x64.ActiveCfg = Debug|Any CPU
		{5FBEB47E-DEB6-459D-AE10-52C1AF62BDE8}.Debug|x64.Build.0 = Debug|Any CPU
		{5FBEB47E-DEB6-459D-AE10-52C1AF62BDE8}.Debug|x86.ActiveCfg = Debug|Any CPU
		{5FBEB47E-DEB6-459D-AE10-52C1AF62BDE8}.Debug|x86.Build.0 = Debug|Any CPU
		{5FBEB47E-DEB6-459D-AE10-52C1AF62BDE8}.Release|Any CPU.ActiveCfg = Release|Any CPU
		{5FBEB47E-DEB6-459D-AE10-52C1AF62BDE8}.Release|Any CPU.Build.0 = Release|Any CPU
		{5FBEB47E-DEB6-459D-AE10-52C1AF62BDE8}.Release|x64.ActiveCfg = Release|Any CPU
		{5FBEB47E-DEB6-459D-AE10-52C1AF62BDE8}.Release|x64.Build.0 = Release|Any CPU
		{5FBEB47E-DEB6-459D-AE10-52C1AF62BDE8}.Release|x86.ActiveCfg = Release|Any CPU
		{5FBEB47E-DEB6-459D-AE10-52C1AF62BDE8}.Release|x86.Build.0 = Release|Any CPU
		{DDC7337C-BF8D-479F-A3C7-847C44BA13B3}.Debug|Any CPU.ActiveCfg = Debug|Any CPU
		{DDC7337C-BF8D-479F-A3C7-847C44BA13B3}.Debug|Any CPU.Build.0 = Debug|Any CPU
		{DDC7337C-BF8D-479F-A3C7-847C44BA13B3}.Debug|x64.ActiveCfg = Debug|Any CPU
		{DDC7337C-BF8D-479F-A3C7-847C44BA13B3}.Debug|x64.Build.0 = Debug|Any CPU
		{DDC7337C-BF8D-479F-A3C7-847C44BA13B3}.Debug|x86.ActiveCfg = Debug|Any CPU
		{DDC7337C-BF8D-479F-A3C7-847C44BA13B3}.Debug|x86.Build.0 = Debug|Any CPU
		{DDC7337C-BF8D-479F-A3C7-847C44BA13B3}.Release|Any CPU.ActiveCfg = Release|Any CPU
		{DDC7337C-BF8D-479F-A3C7-847C44BA13B3}.Release|Any CPU.Build.0 = Release|Any CPU
		{DDC7337C-BF8D-479F-A3C7-847C44BA13B3}.Release|x64.ActiveCfg = Release|Any CPU
		{DDC7337C-BF8D-479F-A3C7-847C44BA13B3}.Release|x64.Build.0 = Release|Any CPU
		{DDC7337C-BF8D-479F-A3C7-847C44BA13B3}.Release|x86.ActiveCfg = Release|Any CPU
		{DDC7337C-BF8D-479F-A3C7-847C44BA13B3}.Release|x86.Build.0 = Release|Any CPU
		{DE31C3F1-1CBB-4814-BCF9-002E22FF688B}.Debug|Any CPU.ActiveCfg = Debug|Any CPU
		{DE31C3F1-1CBB-4814-BCF9-002E22FF688B}.Debug|Any CPU.Build.0 = Debug|Any CPU
		{DE31C3F1-1CBB-4814-BCF9-002E22FF688B}.Debug|x64.ActiveCfg = Debug|Any CPU
		{DE31C3F1-1CBB-4814-BCF9-002E22FF688B}.Debug|x64.Build.0 = Debug|Any CPU
		{DE31C3F1-1CBB-4814-BCF9-002E22FF688B}.Debug|x86.ActiveCfg = Debug|Any CPU
		{DE31C3F1-1CBB-4814-BCF9-002E22FF688B}.Debug|x86.Build.0 = Debug|Any CPU
		{DE31C3F1-1CBB-4814-BCF9-002E22FF688B}.Release|Any CPU.ActiveCfg = Release|Any CPU
		{DE31C3F1-1CBB-4814-BCF9-002E22FF688B}.Release|Any CPU.Build.0 = Release|Any CPU
		{DE31C3F1-1CBB-4814-BCF9-002E22FF688B}.Release|x64.ActiveCfg = Release|Any CPU
		{DE31C3F1-1CBB-4814-BCF9-002E22FF688B}.Release|x64.Build.0 = Release|Any CPU
		{DE31C3F1-1CBB-4814-BCF9-002E22FF688B}.Release|x86.ActiveCfg = Release|Any CPU
		{DE31C3F1-1CBB-4814-BCF9-002E22FF688B}.Release|x86.Build.0 = Release|Any CPU
		{8653BA64-AC3B-4F4C-AF6B-96CA5B82DB56}.Debug|Any CPU.ActiveCfg = Debug|Any CPU
		{8653BA64-AC3B-4F4C-AF6B-96CA5B82DB56}.Debug|Any CPU.Build.0 = Debug|Any CPU
		{8653BA64-AC3B-4F4C-AF6B-96CA5B82DB56}.Debug|x64.ActiveCfg = Debug|Any CPU
		{8653BA64-AC3B-4F4C-AF6B-96CA5B82DB56}.Debug|x64.Build.0 = Debug|Any CPU
		{8653BA64-AC3B-4F4C-AF6B-96CA5B82DB56}.Debug|x86.ActiveCfg = Debug|Any CPU
		{8653BA64-AC3B-4F4C-AF6B-96CA5B82DB56}.Debug|x86.Build.0 = Debug|Any CPU
		{8653BA64-AC3B-4F4C-AF6B-96CA5B82DB56}.Release|Any CPU.ActiveCfg = Release|Any CPU
		{8653BA64-AC3B-4F4C-AF6B-96CA5B82DB56}.Release|Any CPU.Build.0 = Release|Any CPU
		{8653BA64-AC3B-4F4C-AF6B-96CA5B82DB56}.Release|x64.ActiveCfg = Release|Any CPU
		{8653BA64-AC3B-4F4C-AF6B-96CA5B82DB56}.Release|x64.Build.0 = Release|Any CPU
		{8653BA64-AC3B-4F4C-AF6B-96CA5B82DB56}.Release|x86.ActiveCfg = Release|Any CPU
		{8653BA64-AC3B-4F4C-AF6B-96CA5B82DB56}.Release|x86.Build.0 = Release|Any CPU
		{4C3F8927-2A68-4413-BAA8-0976A3A279A1}.Debug|Any CPU.ActiveCfg = Debug|Any CPU
		{4C3F8927-2A68-4413-BAA8-0976A3A279A1}.Debug|Any CPU.Build.0 = Debug|Any CPU
		{4C3F8927-2A68-4413-BAA8-0976A3A279A1}.Debug|x64.ActiveCfg = Debug|Any CPU
		{4C3F8927-2A68-4413-BAA8-0976A3A279A1}.Debug|x64.Build.0 = Debug|Any CPU
		{4C3F8927-2A68-4413-BAA8-0976A3A279A1}.Debug|x86.ActiveCfg = Debug|Any CPU
		{4C3F8927-2A68-4413-BAA8-0976A3A279A1}.Debug|x86.Build.0 = Debug|Any CPU
		{4C3F8927-2A68-4413-BAA8-0976A3A279A1}.Release|Any CPU.ActiveCfg = Release|Any CPU
		{4C3F8927-2A68-4413-BAA8-0976A3A279A1}.Release|Any CPU.Build.0 = Release|Any CPU
		{4C3F8927-2A68-4413-BAA8-0976A3A279A1}.Release|x64.ActiveCfg = Release|Any CPU
		{4C3F8927-2A68-4413-BAA8-0976A3A279A1}.Release|x64.Build.0 = Release|Any CPU
		{4C3F8927-2A68-4413-BAA8-0976A3A279A1}.Release|x86.ActiveCfg = Release|Any CPU
		{4C3F8927-2A68-4413-BAA8-0976A3A279A1}.Release|x86.Build.0 = Release|Any CPU
		{5978936A-F5F4-4093-AC2C-A3088075A2A0}.Debug|Any CPU.ActiveCfg = Debug|Any CPU
		{5978936A-F5F4-4093-AC2C-A3088075A2A0}.Debug|Any CPU.Build.0 = Debug|Any CPU
		{5978936A-F5F4-4093-AC2C-A3088075A2A0}.Debug|x64.ActiveCfg = Debug|Any CPU
		{5978936A-F5F4-4093-AC2C-A3088075A2A0}.Debug|x64.Build.0 = Debug|Any CPU
		{5978936A-F5F4-4093-AC2C-A3088075A2A0}.Debug|x86.ActiveCfg = Debug|Any CPU
		{5978936A-F5F4-4093-AC2C-A3088075A2A0}.Debug|x86.Build.0 = Debug|Any CPU
		{5978936A-F5F4-4093-AC2C-A3088075A2A0}.Release|Any CPU.ActiveCfg = Release|Any CPU
		{5978936A-F5F4-4093-AC2C-A3088075A2A0}.Release|Any CPU.Build.0 = Release|Any CPU
		{5978936A-F5F4-4093-AC2C-A3088075A2A0}.Release|x64.ActiveCfg = Release|Any CPU
		{5978936A-F5F4-4093-AC2C-A3088075A2A0}.Release|x64.Build.0 = Release|Any CPU
		{5978936A-F5F4-4093-AC2C-A3088075A2A0}.Release|x86.ActiveCfg = Release|Any CPU
		{5978936A-F5F4-4093-AC2C-A3088075A2A0}.Release|x86.Build.0 = Release|Any CPU
		{CDC73EDB-6715-4BDA-B6FF-2768D68246C9}.Debug|Any CPU.ActiveCfg = Debug|Any CPU
		{CDC73EDB-6715-4BDA-B6FF-2768D68246C9}.Debug|Any CPU.Build.0 = Debug|Any CPU
		{CDC73EDB-6715-4BDA-B6FF-2768D68246C9}.Debug|x64.ActiveCfg = Debug|Any CPU
		{CDC73EDB-6715-4BDA-B6FF-2768D68246C9}.Debug|x64.Build.0 = Debug|Any CPU
		{CDC73EDB-6715-4BDA-B6FF-2768D68246C9}.Debug|x86.ActiveCfg = Debug|Any CPU
		{CDC73EDB-6715-4BDA-B6FF-2768D68246C9}.Debug|x86.Build.0 = Debug|Any CPU
		{CDC73EDB-6715-4BDA-B6FF-2768D68246C9}.Release|Any CPU.ActiveCfg = Release|Any CPU
		{CDC73EDB-6715-4BDA-B6FF-2768D68246C9}.Release|Any CPU.Build.0 = Release|Any CPU
		{CDC73EDB-6715-4BDA-B6FF-2768D68246C9}.Release|x64.ActiveCfg = Release|Any CPU
		{CDC73EDB-6715-4BDA-B6FF-2768D68246C9}.Release|x64.Build.0 = Release|Any CPU
		{CDC73EDB-6715-4BDA-B6FF-2768D68246C9}.Release|x86.ActiveCfg = Release|Any CPU
		{CDC73EDB-6715-4BDA-B6FF-2768D68246C9}.Release|x86.Build.0 = Release|Any CPU
		{D3412F58-4D4B-48EF-ACEB-6624D8AE5086}.Debug|Any CPU.ActiveCfg = Debug|Any CPU
		{D3412F58-4D4B-48EF-ACEB-6624D8AE5086}.Debug|Any CPU.Build.0 = Debug|Any CPU
		{D3412F58-4D4B-48EF-ACEB-6624D8AE5086}.Debug|x64.ActiveCfg = Debug|Any CPU
		{D3412F58-4D4B-48EF-ACEB-6624D8AE5086}.Debug|x64.Build.0 = Debug|Any CPU
		{D3412F58-4D4B-48EF-ACEB-6624D8AE5086}.Debug|x86.ActiveCfg = Debug|Any CPU
		{D3412F58-4D4B-48EF-ACEB-6624D8AE5086}.Debug|x86.Build.0 = Debug|Any CPU
		{D3412F58-4D4B-48EF-ACEB-6624D8AE5086}.Release|Any CPU.ActiveCfg = Release|Any CPU
		{D3412F58-4D4B-48EF-ACEB-6624D8AE5086}.Release|Any CPU.Build.0 = Release|Any CPU
		{D3412F58-4D4B-48EF-ACEB-6624D8AE5086}.Release|x64.ActiveCfg = Release|Any CPU
		{D3412F58-4D4B-48EF-ACEB-6624D8AE5086}.Release|x64.Build.0 = Release|Any CPU
		{D3412F58-4D4B-48EF-ACEB-6624D8AE5086}.Release|x86.ActiveCfg = Release|Any CPU
		{D3412F58-4D4B-48EF-ACEB-6624D8AE5086}.Release|x86.Build.0 = Release|Any CPU
		{32E564D8-F058-498C-8E12-CDBCA25E4A15}.Debug|Any CPU.ActiveCfg = Debug|Any CPU
		{32E564D8-F058-498C-8E12-CDBCA25E4A15}.Debug|Any CPU.Build.0 = Debug|Any CPU
		{32E564D8-F058-498C-8E12-CDBCA25E4A15}.Debug|x64.ActiveCfg = Debug|Any CPU
		{32E564D8-F058-498C-8E12-CDBCA25E4A15}.Debug|x64.Build.0 = Debug|Any CPU
		{32E564D8-F058-498C-8E12-CDBCA25E4A15}.Debug|x86.ActiveCfg = Debug|Any CPU
		{32E564D8-F058-498C-8E12-CDBCA25E4A15}.Debug|x86.Build.0 = Debug|Any CPU
		{32E564D8-F058-498C-8E12-CDBCA25E4A15}.Release|Any CPU.ActiveCfg = Release|Any CPU
		{32E564D8-F058-498C-8E12-CDBCA25E4A15}.Release|Any CPU.Build.0 = Release|Any CPU
		{32E564D8-F058-498C-8E12-CDBCA25E4A15}.Release|x64.ActiveCfg = Release|Any CPU
		{32E564D8-F058-498C-8E12-CDBCA25E4A15}.Release|x64.Build.0 = Release|Any CPU
		{32E564D8-F058-498C-8E12-CDBCA25E4A15}.Release|x86.ActiveCfg = Release|Any CPU
		{32E564D8-F058-498C-8E12-CDBCA25E4A15}.Release|x86.Build.0 = Release|Any CPU
		{CE84228E-BDEA-4D27-A5AA-A8EAD72D58C3}.Debug|Any CPU.ActiveCfg = Debug|Any CPU
		{CE84228E-BDEA-4D27-A5AA-A8EAD72D58C3}.Debug|Any CPU.Build.0 = Debug|Any CPU
		{CE84228E-BDEA-4D27-A5AA-A8EAD72D58C3}.Debug|x64.ActiveCfg = Debug|Any CPU
		{CE84228E-BDEA-4D27-A5AA-A8EAD72D58C3}.Debug|x64.Build.0 = Debug|Any CPU
		{CE84228E-BDEA-4D27-A5AA-A8EAD72D58C3}.Debug|x86.ActiveCfg = Debug|Any CPU
		{CE84228E-BDEA-4D27-A5AA-A8EAD72D58C3}.Debug|x86.Build.0 = Debug|Any CPU
		{CE84228E-BDEA-4D27-A5AA-A8EAD72D58C3}.Release|Any CPU.ActiveCfg = Release|Any CPU
		{CE84228E-BDEA-4D27-A5AA-A8EAD72D58C3}.Release|Any CPU.Build.0 = Release|Any CPU
		{CE84228E-BDEA-4D27-A5AA-A8EAD72D58C3}.Release|x64.ActiveCfg = Release|Any CPU
		{CE84228E-BDEA-4D27-A5AA-A8EAD72D58C3}.Release|x64.Build.0 = Release|Any CPU
		{CE84228E-BDEA-4D27-A5AA-A8EAD72D58C3}.Release|x86.ActiveCfg = Release|Any CPU
		{CE84228E-BDEA-4D27-A5AA-A8EAD72D58C3}.Release|x86.Build.0 = Release|Any CPU
		{CC2EA927-151F-40B9-8BB4-057A3CD16DC1}.Debug|Any CPU.ActiveCfg = Debug|Any CPU
		{CC2EA927-151F-40B9-8BB4-057A3CD16DC1}.Debug|Any CPU.Build.0 = Debug|Any CPU
		{CC2EA927-151F-40B9-8BB4-057A3CD16DC1}.Debug|x64.ActiveCfg = Debug|Any CPU
		{CC2EA927-151F-40B9-8BB4-057A3CD16DC1}.Debug|x64.Build.0 = Debug|Any CPU
		{CC2EA927-151F-40B9-8BB4-057A3CD16DC1}.Debug|x86.ActiveCfg = Debug|Any CPU
		{CC2EA927-151F-40B9-8BB4-057A3CD16DC1}.Debug|x86.Build.0 = Debug|Any CPU
		{CC2EA927-151F-40B9-8BB4-057A3CD16DC1}.Release|Any CPU.ActiveCfg = Release|Any CPU
		{CC2EA927-151F-40B9-8BB4-057A3CD16DC1}.Release|Any CPU.Build.0 = Release|Any CPU
		{CC2EA927-151F-40B9-8BB4-057A3CD16DC1}.Release|x64.ActiveCfg = Release|Any CPU
		{CC2EA927-151F-40B9-8BB4-057A3CD16DC1}.Release|x64.Build.0 = Release|Any CPU
		{CC2EA927-151F-40B9-8BB4-057A3CD16DC1}.Release|x86.ActiveCfg = Release|Any CPU
		{CC2EA927-151F-40B9-8BB4-057A3CD16DC1}.Release|x86.Build.0 = Release|Any CPU
		{B65DF879-7175-4064-B112-1BEBB006A8EB}.Debug|Any CPU.ActiveCfg = Debug|Any CPU
		{B65DF879-7175-4064-B112-1BEBB006A8EB}.Debug|Any CPU.Build.0 = Debug|Any CPU
		{B65DF879-7175-4064-B112-1BEBB006A8EB}.Debug|x64.ActiveCfg = Debug|Any CPU
		{B65DF879-7175-4064-B112-1BEBB006A8EB}.Debug|x64.Build.0 = Debug|Any CPU
		{B65DF879-7175-4064-B112-1BEBB006A8EB}.Debug|x86.ActiveCfg = Debug|Any CPU
		{B65DF879-7175-4064-B112-1BEBB006A8EB}.Debug|x86.Build.0 = Debug|Any CPU
		{B65DF879-7175-4064-B112-1BEBB006A8EB}.Release|Any CPU.ActiveCfg = Release|Any CPU
		{B65DF879-7175-4064-B112-1BEBB006A8EB}.Release|Any CPU.Build.0 = Release|Any CPU
		{B65DF879-7175-4064-B112-1BEBB006A8EB}.Release|x64.ActiveCfg = Release|Any CPU
		{B65DF879-7175-4064-B112-1BEBB006A8EB}.Release|x64.Build.0 = Release|Any CPU
		{B65DF879-7175-4064-B112-1BEBB006A8EB}.Release|x86.ActiveCfg = Release|Any CPU
		{B65DF879-7175-4064-B112-1BEBB006A8EB}.Release|x86.Build.0 = Release|Any CPU
		{3C27AD5D-A777-4DF0-8C49-4DBD7D79588B}.Debug|Any CPU.ActiveCfg = Debug|Any CPU
		{3C27AD5D-A777-4DF0-8C49-4DBD7D79588B}.Debug|Any CPU.Build.0 = Debug|Any CPU
		{3C27AD5D-A777-4DF0-8C49-4DBD7D79588B}.Debug|x64.ActiveCfg = Debug|Any CPU
		{3C27AD5D-A777-4DF0-8C49-4DBD7D79588B}.Debug|x64.Build.0 = Debug|Any CPU
		{3C27AD5D-A777-4DF0-8C49-4DBD7D79588B}.Debug|x86.ActiveCfg = Debug|Any CPU
		{3C27AD5D-A777-4DF0-8C49-4DBD7D79588B}.Debug|x86.Build.0 = Debug|Any CPU
		{3C27AD5D-A777-4DF0-8C49-4DBD7D79588B}.Release|Any CPU.ActiveCfg = Release|Any CPU
		{3C27AD5D-A777-4DF0-8C49-4DBD7D79588B}.Release|Any CPU.Build.0 = Release|Any CPU
		{3C27AD5D-A777-4DF0-8C49-4DBD7D79588B}.Release|x64.ActiveCfg = Release|Any CPU
		{3C27AD5D-A777-4DF0-8C49-4DBD7D79588B}.Release|x64.Build.0 = Release|Any CPU
		{3C27AD5D-A777-4DF0-8C49-4DBD7D79588B}.Release|x86.ActiveCfg = Release|Any CPU
		{3C27AD5D-A777-4DF0-8C49-4DBD7D79588B}.Release|x86.Build.0 = Release|Any CPU
		{B45C36BA-20A3-46A2-911B-969A8C87928A}.Debug|Any CPU.ActiveCfg = Debug|Any CPU
		{B45C36BA-20A3-46A2-911B-969A8C87928A}.Debug|Any CPU.Build.0 = Debug|Any CPU
		{B45C36BA-20A3-46A2-911B-969A8C87928A}.Debug|x64.ActiveCfg = Debug|Any CPU
		{B45C36BA-20A3-46A2-911B-969A8C87928A}.Debug|x64.Build.0 = Debug|Any CPU
		{B45C36BA-20A3-46A2-911B-969A8C87928A}.Debug|x86.ActiveCfg = Debug|Any CPU
		{B45C36BA-20A3-46A2-911B-969A8C87928A}.Debug|x86.Build.0 = Debug|Any CPU
		{B45C36BA-20A3-46A2-911B-969A8C87928A}.Release|Any CPU.ActiveCfg = Release|Any CPU
		{B45C36BA-20A3-46A2-911B-969A8C87928A}.Release|Any CPU.Build.0 = Release|Any CPU
		{B45C36BA-20A3-46A2-911B-969A8C87928A}.Release|x64.ActiveCfg = Release|Any CPU
		{B45C36BA-20A3-46A2-911B-969A8C87928A}.Release|x64.Build.0 = Release|Any CPU
		{B45C36BA-20A3-46A2-911B-969A8C87928A}.Release|x86.ActiveCfg = Release|Any CPU
		{B45C36BA-20A3-46A2-911B-969A8C87928A}.Release|x86.Build.0 = Release|Any CPU
		{3C53A462-2845-4224-AA99-3B2F16D760DF}.Debug|Any CPU.ActiveCfg = Debug|Any CPU
		{3C53A462-2845-4224-AA99-3B2F16D760DF}.Debug|Any CPU.Build.0 = Debug|Any CPU
		{3C53A462-2845-4224-AA99-3B2F16D760DF}.Debug|x64.ActiveCfg = Debug|Any CPU
		{3C53A462-2845-4224-AA99-3B2F16D760DF}.Debug|x64.Build.0 = Debug|Any CPU
		{3C53A462-2845-4224-AA99-3B2F16D760DF}.Debug|x86.ActiveCfg = Debug|Any CPU
		{3C53A462-2845-4224-AA99-3B2F16D760DF}.Debug|x86.Build.0 = Debug|Any CPU
		{3C53A462-2845-4224-AA99-3B2F16D760DF}.Release|Any CPU.ActiveCfg = Release|Any CPU
		{3C53A462-2845-4224-AA99-3B2F16D760DF}.Release|Any CPU.Build.0 = Release|Any CPU
		{3C53A462-2845-4224-AA99-3B2F16D760DF}.Release|x64.ActiveCfg = Release|Any CPU
		{3C53A462-2845-4224-AA99-3B2F16D760DF}.Release|x64.Build.0 = Release|Any CPU
		{3C53A462-2845-4224-AA99-3B2F16D760DF}.Release|x86.ActiveCfg = Release|Any CPU
		{3C53A462-2845-4224-AA99-3B2F16D760DF}.Release|x86.Build.0 = Release|Any CPU
	EndGlobalSection
	GlobalSection(SolutionProperties) = preSolution
		HideSolutionNode = FALSE
	EndGlobalSection
	GlobalSection(NestedProjects) = preSolution
		{4179BB9B-56FE-488F-935A-B5BA8ABD8DA3} = {827E0CD3-B72D-47B6-A68D-7590B98EB39B}
		{B1B5AB95-95DC-414F-9720-65A10CFB755E} = {827E0CD3-B72D-47B6-A68D-7590B98EB39B}
		{AC58F728-45E8-46DD-897D-03FDD643E8F9} = {827E0CD3-B72D-47B6-A68D-7590B98EB39B}
		{918EEE97-E4D6-415E-A0FA-9358A4195A88} = {827E0CD3-B72D-47B6-A68D-7590B98EB39B}
		{B5C26CF0-E406-4615-89F5-9C615BDF58F6} = {827E0CD3-B72D-47B6-A68D-7590B98EB39B}
		{0BB75097-5D60-400F-9680-D9F3957553BC} = {827E0CD3-B72D-47B6-A68D-7590B98EB39B}
		{93D9761A-FEA9-4AB9-BD6C-E845BEDF5544} = {827E0CD3-B72D-47B6-A68D-7590B98EB39B}
		{F70D43ED-6FCA-49E1-910B-35F19E216E63} = {827E0CD3-B72D-47B6-A68D-7590B98EB39B}
		{88F57033-100A-4125-834C-300AEC2D471A} = {827E0CD3-B72D-47B6-A68D-7590B98EB39B}
		{5FBEB47E-DEB6-459D-AE10-52C1AF62BDE8} = {827E0CD3-B72D-47B6-A68D-7590B98EB39B}
		{DDC7337C-BF8D-479F-A3C7-847C44BA13B3} = {827E0CD3-B72D-47B6-A68D-7590B98EB39B}
		{DE31C3F1-1CBB-4814-BCF9-002E22FF688B} = {827E0CD3-B72D-47B6-A68D-7590B98EB39B}
		{8653BA64-AC3B-4F4C-AF6B-96CA5B82DB56} = {827E0CD3-B72D-47B6-A68D-7590B98EB39B}
		{4C3F8927-2A68-4413-BAA8-0976A3A279A1} = {827E0CD3-B72D-47B6-A68D-7590B98EB39B}
		{5978936A-F5F4-4093-AC2C-A3088075A2A0} = {0AB3BF05-4346-4AA6-1389-037BE0695223}
		{CDC73EDB-6715-4BDA-B6FF-2768D68246C9} = {0AB3BF05-4346-4AA6-1389-037BE0695223}
		{D3412F58-4D4B-48EF-ACEB-6624D8AE5086} = {0AB3BF05-4346-4AA6-1389-037BE0695223}
		{32E564D8-F058-498C-8E12-CDBCA25E4A15} = {0AB3BF05-4346-4AA6-1389-037BE0695223}
		{CE84228E-BDEA-4D27-A5AA-A8EAD72D58C3} = {0AB3BF05-4346-4AA6-1389-037BE0695223}
		{CC2EA927-151F-40B9-8BB4-057A3CD16DC1} = {0AB3BF05-4346-4AA6-1389-037BE0695223}
		{B65DF879-7175-4064-B112-1BEBB006A8EB} = {0AB3BF05-4346-4AA6-1389-037BE0695223}
		{3C27AD5D-A777-4DF0-8C49-4DBD7D79588B} = {0AB3BF05-4346-4AA6-1389-037BE0695223}
		{B45C36BA-20A3-46A2-911B-969A8C87928A} = {0AB3BF05-4346-4AA6-1389-037BE0695223}
		{3C53A462-2845-4224-AA99-3B2F16D760DF} = {0AB3BF05-4346-4AA6-1389-037BE0695223}
	EndGlobalSection
EndGlobal
